
Microsoft Visual Studio Solution File, Format Version 12.00
# Visual Studio Version 17
VisualStudioVersion = 17.8.34408.163
MinimumVisualStudioVersion = 10.0.40219.1
Project("{9A19103F-16F7-4668-BE54-9A1E7A4F7556}") = "BlogEngine", "BlogEngine\BlogEngine.csproj", "{D9D62593-650A-4C20-95E0-BD7A8FA3ED93}"
EndProject
Project("{9A19103F-16F7-4668-BE54-9A1E7A4F7556}") = "BlogEngineAPI", "BlogEngineAPI\BlogEngineAPI.csproj", "{D877E168-186C-468E-B772-71F4636034F3}"
EndProject
Project("{9A19103F-16F7-4668-BE54-9A1E7A4F7556}") = "Api.Application.Contracts", "Api.Application.Contracts\Api.Application.Contracts.csproj", "{FE606AFC-B5A1-4C85-A8B4-A3275617C201}"
EndProject
Project("{9A19103F-16F7-4668-BE54-9A1E7A4F7556}") = "Api.Business", "Api.Business\Api.Business.csproj", "{2209E333-16FD-4659-9F51-3FB871CD5624}"
EndProject
Project("{9A19103F-16F7-4668-BE54-9A1E7A4F7556}") = "Api.Common", "Api.Common\Api.Common.csproj", "{E04095AA-9BC5-4889-8772-D537C640DBE3}"
EndProject
Project("{9A19103F-16F7-4668-BE54-9A1E7A4F7556}") = "Api.Application", "Api.Application\Api.Application.csproj", "{48636F51-67F4-48B8-BA33-B76EEBFDD100}"
EndProject
Project("{2150E333-8FDC-42A3-9474-1A3956D46DE8}") = "1.API", "1.API", "{88C2D18F-70F1-4E80-A53F-50ED03F6FC32}"
EndProject
Project("{2150E333-8FDC-42A3-9474-1A3956D46DE8}") = "3.DataAccess", "3.DataAccess", "{24C4411F-4DE3-4110-885F-8978384D1B29}"
EndProject
Project("{9A19103F-16F7-4668-BE54-9A1E7A4F7556}") = "Api.DataAccess", "Api.DataAccess\Api.DataAccess.csproj", "{A8284D28-429F-4A42-9614-CC475887CCC4}"
EndProject
Project("{9A19103F-16F7-4668-BE54-9A1E7A4F7556}") = "Api.DataAccess.Contracts", "Api.DataAccess.Contracts\Api.DataAccess.Contracts.csproj", "{E303002F-271B-4EEC-8335-81FC7C6C520E}"
EndProject
Project("{2150E333-8FDC-42A3-9474-1A3956D46DE8}") = "2.WebClient", "2.WebClient", "{A2C42B88-59C5-4927-8358-8CBAE9FC875C}"
EndProject
Project("{2150E333-8FDC-42A3-9474-1A3956D46DE8}") = "5.DataBase", "5.DataBase", "{462596A0-E93A-43D7-AB7A-BD2A45DCB6BE}"
	ProjectSection(SolutionItems) = preProject
		DataBase\1_BlogEngineDB_structure.sql = DataBase\1_BlogEngineDB_structure.sql
		DataBase\2_BlogEngineDB_data.sql = DataBase\2_BlogEngineDB_data.sql
	EndProjectSection
EndProject
Project("{2150E333-8FDC-42A3-9474-1A3956D46DE8}") = "4.Testing", "4.Testing", "{54BD778D-6582-45AF-9980-4DFF4518E76D}"
	ProjectSection(SolutionItems) = preProject
		Testing\BlogEngine.postman_collection.json = Testing\BlogEngine.postman_collection.json
	EndProjectSection
EndProject
Project("{9A19103F-16F7-4668-BE54-9A1E7A4F7556}") = "BlogEngineApiTest", "BlogEngineApiTest\BlogEngineApiTest.csproj", "{EEC37313-628A-4E41-9D7F-08F85C7E7593}"
EndProject
Global
	GlobalSection(SolutionConfigurationPlatforms) = preSolution
		Debug|Any CPU = Debug|Any CPU
		Release|Any CPU = Release|Any CPU
	EndGlobalSection
	GlobalSection(ProjectConfigurationPlatforms) = postSolution
		{D9D62593-650A-4C20-95E0-BD7A8FA3ED93}.Debug|Any CPU.ActiveCfg = Debug|Any CPU
		{D9D62593-650A-4C20-95E0-BD7A8FA3ED93}.Debug|Any CPU.Build.0 = Debug|Any CPU
		{D9D62593-650A-4C20-95E0-BD7A8FA3ED93}.Release|Any CPU.ActiveCfg = Release|Any CPU
		{D9D62593-650A-4C20-95E0-BD7A8FA3ED93}.Release|Any CPU.Build.0 = Release|Any CPU
		{D877E168-186C-468E-B772-71F4636034F3}.Debug|Any CPU.ActiveCfg = Debug|Any CPU
		{D877E168-186C-468E-B772-71F4636034F3}.Debug|Any CPU.Build.0 = Debug|Any CPU
		{D877E168-186C-468E-B772-71F4636034F3}.Release|Any CPU.ActiveCfg = Release|Any CPU
		{D877E168-186C-468E-B772-71F4636034F3}.Release|Any CPU.Build.0 = Release|Any CPU
		{FE606AFC-B5A1-4C85-A8B4-A3275617C201}.Debug|Any CPU.ActiveCfg = Debug|Any CPU
		{FE606AFC-B5A1-4C85-A8B4-A3275617C201}.Debug|Any CPU.Build.0 = Debug|Any CPU
		{FE606AFC-B5A1-4C85-A8B4-A3275617C201}.Release|Any CPU.ActiveCfg = Release|Any CPU
		{FE606AFC-B5A1-4C85-A8B4-A3275617C201}.Release|Any CPU.Build.0 = Release|Any CPU
		{2209E333-16FD-4659-9F51-3FB871CD5624}.Debug|Any CPU.ActiveCfg = Debug|Any CPU
		{2209E333-16FD-4659-9F51-3FB871CD5624}.Debug|Any CPU.Build.0 = Debug|Any CPU
		{2209E333-16FD-4659-9F51-3FB871CD5624}.Release|Any CPU.ActiveCfg = Release|Any CPU
		{2209E333-16FD-4659-9F51-3FB871CD5624}.Release|Any CPU.Build.0 = Release|Any CPU
		{E04095AA-9BC5-4889-8772-D537C640DBE3}.Debug|Any CPU.ActiveCfg = Debug|Any CPU
		{E04095AA-9BC5-4889-8772-D537C640DBE3}.Debug|Any CPU.Build.0 = Debug|Any CPU
		{E04095AA-9BC5-4889-8772-D537C640DBE3}.Release|Any CPU.ActiveCfg = Release|Any CPU
		{E04095AA-9BC5-4889-8772-D537C640DBE3}.Release|Any CPU.Build.0 = Release|Any CPU
		{48636F51-67F4-48B8-BA33-B76EEBFDD100}.Debug|Any CPU.ActiveCfg = Debug|Any CPU
		{48636F51-67F4-48B8-BA33-B76EEBFDD100}.Debug|Any CPU.Build.0 = Debug|Any CPU
		{48636F51-67F4-48B8-BA33-B76EEBFDD100}.Release|Any CPU.ActiveCfg = Release|Any CPU
		{48636F51-67F4-48B8-BA33-B76EEBFDD100}.Release|Any CPU.Build.0 = Release|Any CPU
		{A8284D28-429F-4A42-9614-CC475887CCC4}.Debug|Any CPU.ActiveCfg = Debug|Any CPU
		{A8284D28-429F-4A42-9614-CC475887CCC4}.Debug|Any CPU.Build.0 = Debug|Any CPU
		{A8284D28-429F-4A42-9614-CC475887CCC4}.Release|Any CPU.ActiveCfg = Release|Any CPU
		{A8284D28-429F-4A42-9614-CC475887CCC4}.Release|Any CPU.Build.0 = Release|Any CPU
		{E303002F-271B-4EEC-8335-81FC7C6C520E}.Debug|Any CPU.ActiveCfg = Debug|Any CPU
		{E303002F-271B-4EEC-8335-81FC7C6C520E}.Debug|Any CPU.Build.0 = Debug|Any CPU
		{E303002F-271B-4EEC-8335-81FC7C6C520E}.Release|Any CPU.ActiveCfg = Release|Any CPU
		{E303002F-271B-4EEC-8335-81FC7C6C520E}.Release|Any CPU.Build.0 = Release|Any CPU
		{EEC37313-628A-4E41-9D7F-08F85C7E7593}.Debug|Any CPU.ActiveCfg = Debug|Any CPU
		{EEC37313-628A-4E41-9D7F-08F85C7E7593}.Debug|Any CPU.Build.0 = Debug|Any CPU
		{EEC37313-628A-4E41-9D7F-08F85C7E7593}.Release|Any CPU.ActiveCfg = Release|Any CPU
		{EEC37313-628A-4E41-9D7F-08F85C7E7593}.Release|Any CPU.Build.0 = Release|Any CPU
	EndGlobalSection
	GlobalSection(SolutionProperties) = preSolution
		HideSolutionNode = FALSE
	EndGlobalSection
	GlobalSection(NestedProjects) = preSolution
		{D9D62593-650A-4C20-95E0-BD7A8FA3ED93} = {A2C42B88-59C5-4927-8358-8CBAE9FC875C}
		{D877E168-186C-468E-B772-71F4636034F3} = {88C2D18F-70F1-4E80-A53F-50ED03F6FC32}
		{FE606AFC-B5A1-4C85-A8B4-A3275617C201} = {88C2D18F-70F1-4E80-A53F-50ED03F6FC32}
		{2209E333-16FD-4659-9F51-3FB871CD5624} = {88C2D18F-70F1-4E80-A53F-50ED03F6FC32}
		{E04095AA-9BC5-4889-8772-D537C640DBE3} = {88C2D18F-70F1-4E80-A53F-50ED03F6FC32}
		{48636F51-67F4-48B8-BA33-B76EEBFDD100} = {88C2D18F-70F1-4E80-A53F-50ED03F6FC32}
		{A8284D28-429F-4A42-9614-CC475887CCC4} = {24C4411F-4DE3-4110-885F-8978384D1B29}
		{E303002F-271B-4EEC-8335-81FC7C6C520E} = {24C4411F-4DE3-4110-885F-8978384D1B29}
		{EEC37313-628A-4E41-9D7F-08F85C7E7593} = {54BD778D-6582-45AF-9980-4DFF4518E76D}
	EndGlobalSection
	GlobalSection(ExtensibilityGlobals) = postSolution
		SolutionGuid = {E68FD3FD-CE45-4DF3-BF72-6F7C6FBDA3F2}
	EndGlobalSection
EndGlobal
